
Microsoft Visual Studio Solution File, Format Version 12.00
# Visual Studio Version 16
VisualStudioVersion = 16.0.31729.503
MinimumVisualStudioVersion = 10.0.40219.1
Project("{9A19103F-16F7-4668-BE54-9A1E7A4F7556}") = "AdventOfCode", "AdventOfCode\AdventOfCode.csproj", "{2340AA05-5F52-49BA-BBAA-3229898641D3}"
EndProject
Global
	GlobalSection(SolutionConfigurationPlatforms) = preSolution
		Debug|Any CPU = Debug|Any CPU
		Release|Any CPU = Release|Any CPU
	EndGlobalSection
	GlobalSection(ProjectConfigurationPlatforms) = postSolution
		{2340AA05-5F52-49BA-BBAA-3229898641D3}.Debug|Any CPU.ActiveCfg = Debug|Any CPU
		{2340AA05-5F52-49BA-BBAA-3229898641D3}.Debug|Any CPU.Build.0 = Debug|Any CPU
		{2340AA05-5F52-49BA-BBAA-3229898641D3}.Release|Any CPU.ActiveCfg = Release|Any CPU
		{2340AA05-5F52-49BA-BBAA-3229898641D3}.Release|Any CPU.Build.0 = Release|Any CPU
	EndGlobalSection
	GlobalSection(SolutionProperties) = preSolution
		HideSolutionNode = FALSE
	EndGlobalSection
	GlobalSection(ExtensibilityGlobals) = postSolution
		SolutionGuid = {86863727-ECDA-4C0E-AAD3-EED1BEDDF5DA}
	EndGlobalSection
EndGlobal
